
Microsoft Visual Studio Solution File, Format Version 12.00
# Visual Studio Version 17
VisualStudioVersion = 17.3.32825.248
MinimumVisualStudioVersion = 10.0.40219.1
Project("{FAE04EC0-301F-11D3-BF4B-00C04F79EFBC}") = "DogDaycareApp", "DogDaycareApp\DogDaycareApp.csproj", "{49F7207B-34B0-461F-941F-EE8E8B1F1983}"
EndProject
Global
	GlobalSection(SolutionConfigurationPlatforms) = preSolution
		Debug|Any CPU = Debug|Any CPU
		Release|Any CPU = Release|Any CPU
	EndGlobalSection
	GlobalSection(ProjectConfigurationPlatforms) = postSolution
		{49F7207B-34B0-461F-941F-EE8E8B1F1983}.Debug|Any CPU.ActiveCfg = Debug|Any CPU
		{49F7207B-34B0-461F-941F-EE8E8B1F1983}.Debug|Any CPU.Build.0 = Debug|Any CPU
		{49F7207B-34B0-461F-941F-EE8E8B1F1983}.Release|Any CPU.ActiveCfg = Release|Any CPU
		{49F7207B-34B0-461F-941F-EE8E8B1F1983}.Release|Any CPU.Build.0 = Release|Any CPU
	EndGlobalSection
	GlobalSection(SolutionProperties) = preSolution
		HideSolutionNode = FALSE
	EndGlobalSection
	GlobalSection(ExtensibilityGlobals) = postSolution
		SolutionGuid = {5A70B9BE-FC7A-4521-AA8F-8F72090976A8}
	EndGlobalSection
EndGlobal
